// !$*UTF8*$!
{
	archiveVersion = 1;
	classes = {
	};
	objectVersion = 46;
	objects = {

/* Begin PBXBuildFile section */
		367FF2BCFA1CF435788A1085 /* WrapperTableViewCell.swift in Sources */ = {isa = PBXBuildFile; fileRef = 367FFA788313ED9C72F91D0F /* WrapperTableViewCell.swift */; };
		367FF2C37F8B6843D69E7B16 /* AppDelegate.swift in Sources */ = {isa = PBXBuildFile; fileRef = 367FF4DAAE9F8FA48ED237CD /* AppDelegate.swift */; };
		367FF5B99220D2F6DC2F8B84 /* RootViewController.swift in Sources */ = {isa = PBXBuildFile; fileRef = 367FFF37CD553B5920B7F403 /* RootViewController.swift */; };
		367FF7FD32B58A1B236D91F7 /* LaunchScreen.storyboard in Resources */ = {isa = PBXBuildFile; fileRef = 367FF01466836B20D7A9684B /* LaunchScreen.storyboard */; };
		367FFABBF5A9F055E3811167 /* Assets.xcassets in Resources */ = {isa = PBXBuildFile; fileRef = 367FF7D6BEFC39CEF7DBE25D /* Assets.xcassets */; };
		367FFB1413D1B81814856265 /* TweetViewController.swift in Sources */ = {isa = PBXBuildFile; fileRef = 367FFE9FE0495946A0438E05 /* TweetViewController.swift */; };
		367FFC7223A96C015D8AAB21 /* MomentsTests.swift in Sources */ = {isa = PBXBuildFile; fileRef = 367FF1A8DC48DF7D49352F19 /* MomentsTests.swift */; };
		367FFE5E5595061A273C8C2B /* ProfileViewController.swift in Sources */ = {isa = PBXBuildFile; fileRef = 367FF18F4B0862C267920D1B /* ProfileViewController.swift */; };
		A64DB8E8237DAAEA00B0D6FB /* CommentListView.swift in Sources */ = {isa = PBXBuildFile; fileRef = A64DB8E7237DAAEA00B0D6FB /* CommentListView.swift */; };
		A64DB8EA237DB9A900B0D6FB /* ImageGridView.swift in Sources */ = {isa = PBXBuildFile; fileRef = A64DB8E9237DB9A900B0D6FB /* ImageGridView.swift */; };
/* End PBXBuildFile section */

/* Begin PBXContainerItemProxy section */
		367FF8A5D14BD820A60C2428 /* PBXContainerItemProxy */ = {
			isa = PBXContainerItemProxy;
			containerPortal = 367FFA6B9B06A43293390EA6 /* Project object */;
			proxyType = 1;
			remoteGlobalIDString = 367FFF288CEF696060595CF6;
			remoteInfo = Moments;
		};
/* End PBXContainerItemProxy section */

/* Begin PBXFileReference section */
		367FF18F4B0862C267920D1B /* ProfileViewController.swift */ = {isa = PBXFileReference; fileEncoding = 4; lastKnownFileType = sourcecode.swift; path = ProfileViewController.swift; sourceTree = "<group>"; };
		367FF1A8DC48DF7D49352F19 /* MomentsTests.swift */ = {isa = PBXFileReference; lastKnownFileType = sourcecode.swift; path = MomentsTests.swift; sourceTree = "<group>"; };
		367FF44EADF529556F28FF68 /* Base */ = {isa = PBXFileReference; lastKnownFileType = file.storyboard; name = Base; path = Base.lproj/LaunchScreen.storyboard; sourceTree = "<group>"; };
		367FF4DAAE9F8FA48ED237CD /* AppDelegate.swift */ = {isa = PBXFileReference; lastKnownFileType = sourcecode.swift; path = AppDelegate.swift; sourceTree = "<group>"; };
		367FF4F89368AAB2353B7667 /* MomentsTests.xctest */ = {isa = PBXFileReference; explicitFileType = wrapper.cfbundle; includeInIndex = 0; path = MomentsTests.xctest; sourceTree = BUILT_PRODUCTS_DIR; };
		367FF7567D271C29BFD10A21 /* Moments.app */ = {isa = PBXFileReference; explicitFileType = wrapper.application; includeInIndex = 0; path = Moments.app; sourceTree = BUILT_PRODUCTS_DIR; };
		367FF7D6BEFC39CEF7DBE25D /* Assets.xcassets */ = {isa = PBXFileReference; lastKnownFileType = folder.assetcatalog; path = Assets.xcassets; sourceTree = "<group>"; };
		367FFA788313ED9C72F91D0F /* WrapperTableViewCell.swift */ = {isa = PBXFileReference; fileEncoding = 4; lastKnownFileType = sourcecode.swift; path = WrapperTableViewCell.swift; sourceTree = "<group>"; };
		367FFAAA20691D108CB42FE3 /* Info.plist */ = {isa = PBXFileReference; lastKnownFileType = text.plist.info; path = Info.plist; sourceTree = "<group>"; };
		367FFD697460FA6299CF8A7E /* Info.plist */ = {isa = PBXFileReference; lastKnownFileType = text.plist.info; path = Info.plist; sourceTree = "<group>"; };
		367FFE9FE0495946A0438E05 /* TweetViewController.swift */ = {isa = PBXFileReference; fileEncoding = 4; lastKnownFileType = sourcecode.swift; path = TweetViewController.swift; sourceTree = "<group>"; };
		367FFF37CD553B5920B7F403 /* RootViewController.swift */ = {isa = PBXFileReference; lastKnownFileType = sourcecode.swift; path = RootViewController.swift; sourceTree = "<group>"; };
		A64DB8E7237DAAEA00B0D6FB /* CommentListView.swift */ = {isa = PBXFileReference; lastKnownFileType = sourcecode.swift; path = CommentListView.swift; sourceTree = "<group>"; };
		A64DB8E9237DB9A900B0D6FB /* ImageGridView.swift */ = {isa = PBXFileReference; lastKnownFileType = sourcecode.swift; path = ImageGridView.swift; sourceTree = "<group>"; };
/* End PBXFileReference section */

/* Begin PBXFrameworksBuildPhase section */
		367FF1C1B16A9FD67F4E585F /* Frameworks */ = {
			isa = PBXFrameworksBuildPhase;
			buildActionMask = 2147483647;
			files = (
			);
			runOnlyForDeploymentPostprocessing = 0;
		};
		367FF6B6B99D09C389CE49BA /* Frameworks */ = {
			isa = PBXFrameworksBuildPhase;
			buildActionMask = 2147483647;
			files = (
			);
			runOnlyForDeploymentPostprocessing = 0;
		};
/* End PBXFrameworksBuildPhase section */

/* Begin PBXGroup section */
		367FF139DFC005FC968B3FE2 /* Products */ = {
			isa = PBXGroup;
			children = (
				367FF7567D271C29BFD10A21 /* Moments.app */,
				367FF4F89368AAB2353B7667 /* MomentsTests.xctest */,
			);
			name = Products;
			sourceTree = "<group>";
		};
		367FF76D09627CC705752C39 /* MomentsTests */ = {
			isa = PBXGroup;
			children = (
				367FFD697460FA6299CF8A7E /* Info.plist */,
				367FF1A8DC48DF7D49352F19 /* MomentsTests.swift */,
			);
			path = MomentsTests;
			sourceTree = "<group>";
		};
		367FFA1CBF858D4BEB6A49DA = {
			isa = PBXGroup;
			children = (
				367FF139DFC005FC968B3FE2 /* Products */,
				367FFA5B3F92AF806CBA5DC5 /* Moments */,
				367FF76D09627CC705752C39 /* MomentsTests */,
			);
			sourceTree = "<group>";
		};
		367FFA5B3F92AF806CBA5DC5 /* Moments */ = {
			isa = PBXGroup;
			children = (
				367FFAAA20691D108CB42FE3 /* Info.plist */,
				367FF7D6BEFC39CEF7DBE25D /* Assets.xcassets */,
				367FF01466836B20D7A9684B /* LaunchScreen.storyboard */,
				367FF4DAAE9F8FA48ED237CD /* AppDelegate.swift */,
				367FFF37CD553B5920B7F403 /* RootViewController.swift */,
				367FF18F4B0862C267920D1B /* ProfileViewController.swift */,
				367FFE9FE0495946A0438E05 /* TweetViewController.swift */,
				A64DB8E7237DAAEA00B0D6FB /* CommentListView.swift */,
				A64DB8E9237DB9A900B0D6FB /* ImageGridView.swift */,
				367FFA788313ED9C72F91D0F /* WrapperTableViewCell.swift */,
			);
			path = Moments;
			sourceTree = "<group>";
		};
/* End PBXGroup section */

/* Begin PBXNativeTarget section */
		367FF8F24441476881C10D33 /* MomentsTests */ = {
			isa = PBXNativeTarget;
			buildConfigurationList = 367FFE82DDDAC4EB5BAFC4AB /* Build configuration list for PBXNativeTarget "MomentsTests" */;
			buildPhases = (
				367FFA721C3C34BA9A28DCB0 /* Sources */,
				367FF6B6B99D09C389CE49BA /* Frameworks */,
				367FFE47FEE2327712A99948 /* Resources */,
			);
			buildRules = (
			);
			dependencies = (
				367FFAF405EAE9C605B6DB50 /* PBXTargetDependency */,
			);
			name = MomentsTests;
			productName = MomentsTests;
			productReference = 367FF4F89368AAB2353B7667 /* MomentsTests.xctest */;
			productType = "com.apple.product-type.bundle.unit-test";
		};
		367FFF288CEF696060595CF6 /* Moments */ = {
			isa = PBXNativeTarget;
			buildConfigurationList = 367FFA09F7F8DF9C8ACAED32 /* Build configuration list for PBXNativeTarget "Moments" */;
			buildPhases = (
				367FFA03A52B189AFB627EAF /* Sources */,
				367FF1C1B16A9FD67F4E585F /* Frameworks */,
				367FF438DD2037D80A4C4D4B /* Resources */,
			);
			buildRules = (
			);
			dependencies = (
			);
			name = Moments;
			productName = Moments;
			productReference = 367FF7567D271C29BFD10A21 /* Moments.app */;
			productType = "com.apple.product-type.application";
		};
/* End PBXNativeTarget section */

/* Begin PBXProject section */
		367FFA6B9B06A43293390EA6 /* Project object */ = {
			isa = PBXProject;
			attributes = {
				ORGANIZATIONNAME = "Objective-CHENG";
				TargetAttributes = {
					367FFF288CEF696060595CF6 = {
						DevelopmentTeam = DUDTP565G4;
					};
				};
			};
			buildConfigurationList = 367FF15C549AFCA79DFF69AE /* Build configuration list for PBXProject "Moments" */;
			compatibilityVersion = "Xcode 3.2";
			developmentRegion = English;
			hasScannedForEncodings = 0;
			knownRegions = (
				English,
				en,
				Base,
			);
			mainGroup = 367FFA1CBF858D4BEB6A49DA;
			productRefGroup = 367FF139DFC005FC968B3FE2 /* Products */;
			projectDirPath = "";
			projectRoot = "";
			targets = (
				367FFF288CEF696060595CF6 /* Moments */,
				367FF8F24441476881C10D33 /* MomentsTests */,
			);
		};
/* End PBXProject section */

/* Begin PBXResourcesBuildPhase section */
		367FF438DD2037D80A4C4D4B /* Resources */ = {
			isa = PBXResourcesBuildPhase;
			buildActionMask = 2147483647;
			files = (
				367FFABBF5A9F055E3811167 /* Assets.xcassets in Resources */,
				367FF7FD32B58A1B236D91F7 /* LaunchScreen.storyboard in Resources */,
			);
			runOnlyForDeploymentPostprocessing = 0;
		};
		367FFE47FEE2327712A99948 /* Resources */ = {
			isa = PBXResourcesBuildPhase;
			buildActionMask = 2147483647;
			files = (
			);
			runOnlyForDeploymentPostprocessing = 0;
		};
/* End PBXResourcesBuildPhase section */

/* Begin PBXSourcesBuildPhase section */
		367FFA03A52B189AFB627EAF /* Sources */ = {
			isa = PBXSourcesBuildPhase;
			buildActionMask = 2147483647;
			files = (
				367FF2C37F8B6843D69E7B16 /* AppDelegate.swift in Sources */,
				367FF5B99220D2F6DC2F8B84 /* RootViewController.swift in Sources */,
				367FFE5E5595061A273C8C2B /* ProfileViewController.swift in Sources */,
				367FFB1413D1B81814856265 /* TweetViewController.swift in Sources */,
				A64DB8EA237DB9A900B0D6FB /* ImageGridView.swift in Sources */,
				A64DB8E8237DAAEA00B0D6FB /* CommentListView.swift in Sources */,
				367FF2BCFA1CF435788A1085 /* WrapperTableViewCell.swift in Sources */,
			);
			runOnlyForDeploymentPostprocessing = 0;
		};
		367FFA721C3C34BA9A28DCB0 /* Sources */ = {
			isa = PBXSourcesBuildPhase;
			buildActionMask = 2147483647;
			files = (
				367FFC7223A96C015D8AAB21 /* MomentsTests.swift in Sources */,
			);
			runOnlyForDeploymentPostprocessing = 0;
		};
/* End PBXSourcesBuildPhase section */

/* Begin PBXTargetDependency section */
		367FFAF405EAE9C605B6DB50 /* PBXTargetDependency */ = {
			isa = PBXTargetDependency;
			target = 367FFF288CEF696060595CF6 /* Moments */;
			targetProxy = 367FF8A5D14BD820A60C2428 /* PBXContainerItemProxy */;
		};
/* End PBXTargetDependency section */

/* Begin PBXVariantGroup section */
		367FF01466836B20D7A9684B /* LaunchScreen.storyboard */ = {
			isa = PBXVariantGroup;
			children = (
				367FF44EADF529556F28FF68 /* Base */,
			);
			name = LaunchScreen.storyboard;
			sourceTree = "<group>";
		};
/* End PBXVariantGroup section */

/* Begin XCBuildConfiguration section */
		367FF5E0676E605DD74DD25D /* Debug */ = {
			isa = XCBuildConfiguration;
			buildSettings = {
				BUNDLE_LOADER = "$(BUILT_PRODUCTS_DIR)/Moments.app/Moments";
				INFOPLIST_FILE = MomentsTests/Info.plist;
				LD_RUNPATH_SEARCH_PATHS = "$(inherited) @executable_path/Frameworks @loader_path/Frameworks";
				PRODUCT_BUNDLE_IDENTIFIER = com.imkdir.MomentsTests;
				PRODUCT_NAME = "$(TARGET_NAME)";
				SWIFT_VERSION = 5.0;
				TARGETED_DEVICE_FAMILY = "1,2";
				TEST_HOST = "$(BUNDLE_LOADER)";
			};
			name = Debug;
		};
		367FF6DD5A8C226800B06B54 /* Release */ = {
			isa = XCBuildConfiguration;
			buildSettings = {
				ALWAYS_SEARCH_USER_PATHS = NO;
				CLANG_ANALYZER_NONNULL = YES;
				CLANG_ANALYZER_NUMBER_OBJECT_CONVERSION = YES_AGGRESSIVE;
				CLANG_CXX_LANGUAGE_STANDARD = "gnu++14";
				CLANG_CXX_LIBRARY = "libc++";
				CLANG_ENABLE_MODULES = YES;
				CLANG_ENABLE_OBJC_ARC = YES;
				CLANG_ENABLE_OBJC_WEAK = YES;
				CLANG_WARN_BLOCK_CAPTURE_AUTORELEASING = YES;
				CLANG_WARN_BOOL_CONVERSION = YES;
				CLANG_WARN_COMMA = YES;
				CLANG_WARN_CONSTANT_CONVERSION = YES;
				CLANG_WARN_DEPRECATED_OBJC_IMPLEMENTATIONS = YES;
				CLANG_WARN_DIRECT_OBJC_ISA_USAGE = YES_ERROR;
				CLANG_WARN_DOCUMENTATION_COMMENTS = YES;
				CLANG_WARN_EMPTY_BODY = YES;
				CLANG_WARN_ENUM_CONVERSION = YES;
				CLANG_WARN_INFINITE_RECURSION = YES;
				CLANG_WARN_INT_CONVERSION = YES;
				CLANG_WARN_NON_LITERAL_NULL_CONVERSION = YES;
				CLANG_WARN_OBJC_IMPLICIT_RETAIN_SELF = YES;
				CLANG_WARN_OBJC_LITERAL_CONVERSION = YES;
				CLANG_WARN_OBJC_ROOT_CLASS = YES_ERROR;
				CLANG_WARN_RANGE_LOOP_ANALYSIS = YES;
				CLANG_WARN_STRICT_PROTOTYPES = YES;
				CLANG_WARN_SUSPICIOUS_MOVE = YES;
				CLANG_WARN_UNGUARDED_AVAILABILITY = YES_AGGRESSIVE;
				CLANG_WARN_UNREACHABLE_CODE = YES;
				CLANG_WARN__DUPLICATE_METHOD_MATCH = YES;
				COPY_PHASE_STRIP = NO;
				DEBUG_INFORMATION_FORMAT = "dwarf-with-dsym";
				ENABLE_NS_ASSERTIONS = NO;
				ENABLE_STRICT_OBJC_MSGSEND = YES;
				GCC_C_LANGUAGE_STANDARD = gnu11;
				GCC_NO_COMMON_BLOCKS = YES;
				GCC_WARN_64_TO_32_BIT_CONVERSION = YES;
				GCC_WARN_ABOUT_RETURN_TYPE = YES_ERROR;
				GCC_WARN_UNDECLARED_SELECTOR = YES;
				GCC_WARN_UNINITIALIZED_AUTOS = YES_AGGRESSIVE;
				GCC_WARN_UNUSED_FUNCTION = YES;
				GCC_WARN_UNUSED_VARIABLE = YES;
				IPHONEOS_DEPLOYMENT_TARGET = 13.2;
				MTL_ENABLE_DEBUG_INFO = NO;
				MTL_FAST_MATH = YES;
				SDKROOT = iphoneos;
				SWIFT_OPTIMIZATION_LEVEL = "-Owholemodule";
				VALIDATE_PRODUCT = YES;
			};
			name = Release;
		};
		367FF8F2025FD0DA04BAD5F8 /* Debug */ = {
			isa = XCBuildConfiguration;
			buildSettings = {
				ALWAYS_SEARCH_USER_PATHS = NO;
				CLANG_ANALYZER_NONNULL = YES;
				CLANG_ANALYZER_NUMBER_OBJECT_CONVERSION = YES_AGGRESSIVE;
				CLANG_CXX_LANGUAGE_STANDARD = "gnu++14";
				CLANG_CXX_LIBRARY = "libc++";
				CLANG_ENABLE_MODULES = YES;
				CLANG_ENABLE_OBJC_ARC = YES;
				CLANG_ENABLE_OBJC_WEAK = YES;
				CLANG_WARN_BLOCK_CAPTURE_AUTORELEASING = YES;
				CLANG_WARN_BOOL_CONVERSION = YES;
				CLANG_WARN_COMMA = YES;
				CLANG_WARN_CONSTANT_CONVERSION = YES;
				CLANG_WARN_DEPRECATED_OBJC_IMPLEMENTATIONS = YES;
				CLANG_WARN_DIRECT_OBJC_ISA_USAGE = YES_ERROR;
				CLANG_WARN_DOCUMENTATION_COMMENTS = YES;
				CLANG_WARN_EMPTY_BODY = YES;
				CLANG_WARN_ENUM_CONVERSION = YES;
				CLANG_WARN_INFINITE_RECURSION = YES;
				CLANG_WARN_INT_CONVERSION = YES;
				CLANG_WARN_NON_LITERAL_NULL_CONVERSION = YES;
				CLANG_WARN_OBJC_IMPLICIT_RETAIN_SELF = YES;
				CLANG_WARN_OBJC_LITERAL_CONVERSION = YES;
				CLANG_WARN_OBJC_ROOT_CLASS = YES_ERROR;
				CLANG_WARN_RANGE_LOOP_ANALYSIS = YES;
				CLANG_WARN_STRICT_PROTOTYPES = YES;
				CLANG_WARN_SUSPICIOUS_MOVE = YES;
				CLANG_WARN_UNGUARDED_AVAILABILITY = YES_AGGRESSIVE;
				CLANG_WARN_UNREACHABLE_CODE = YES;
				CLANG_WARN__DUPLICATE_METHOD_MATCH = YES;
				COPY_PHASE_STRIP = NO;
				DEBUG_INFORMATION_FORMAT = dwarf;
				ENABLE_STRICT_OBJC_MSGSEND = YES;
				ENABLE_TESTABILITY = YES;
				GCC_C_LANGUAGE_STANDARD = gnu11;
				GCC_DYNAMIC_NO_PIC = NO;
				GCC_NO_COMMON_BLOCKS = YES;
				GCC_OPTIMIZATION_LEVEL = 0;
				GCC_PREPROCESSOR_DEFINITIONS = (
					"DEBUG=1",
					"$(inherited)",
				);
				GCC_WARN_64_TO_32_BIT_CONVERSION = YES;
				GCC_WARN_ABOUT_RETURN_TYPE = YES_ERROR;
				GCC_WARN_UNDECLARED_SELECTOR = YES;
				GCC_WARN_UNINITIALIZED_AUTOS = YES_AGGRESSIVE;
				GCC_WARN_UNUSED_FUNCTION = YES;
				GCC_WARN_UNUSED_VARIABLE = YES;
				IPHONEOS_DEPLOYMENT_TARGET = 13.2;
				MTL_ENABLE_DEBUG_INFO = INCLUDE_SOURCE;
				MTL_FAST_MATH = YES;
				ONLY_ACTIVE_ARCH = YES;
				SDKROOT = iphoneos;
				SWIFT_ACTIVE_COMPILATION_CONDITIONS = DEBUG;
				SWIFT_OPTIMIZATION_LEVEL = "-Onone";
			};
			name = Debug;
		};
		367FFE4C4BB5B3E12704648A /* Release */ = {
			isa = XCBuildConfiguration;
			buildSettings = {
				BUNDLE_LOADER = "$(BUILT_PRODUCTS_DIR)/Moments.app/Moments";
				INFOPLIST_FILE = MomentsTests/Info.plist;
				LD_RUNPATH_SEARCH_PATHS = "$(inherited) @executable_path/Frameworks @loader_path/Frameworks";
				PRODUCT_BUNDLE_IDENTIFIER = com.imkdir.MomentsTests;
				PRODUCT_NAME = "$(TARGET_NAME)";
				SWIFT_VERSION = 5.0;
				TARGETED_DEVICE_FAMILY = "1,2";
				TEST_HOST = "$(BUNDLE_LOADER)";
			};
			name = Release;
		};
		367FFEADA681313842A19BA4 /* Release */ = {
			isa = XCBuildConfiguration;
			buildSettings = {
				ASSETCATALOG_COMPILER_APPICON_NAME = AppIcon;
				DEVELOPMENT_TEAM = DUDTP565G4;
				INFOPLIST_FILE = Moments/Info.plist;
				IPHONEOS_DEPLOYMENT_TARGET = 13.0;
				LD_RUNPATH_SEARCH_PATHS = "$(inherited) @executable_path/Frameworks";
				PRODUCT_BUNDLE_IDENTIFIER = com.imkdir.Moments;
				PRODUCT_NAME = "$(TARGET_NAME)";
				SWIFT_VERSION = 5.0;
				TARGETED_DEVICE_FAMILY = "1,2";
			};
			name = Release;
		};
		367FFFBA692189173BE120A1 /* Debug */ = {
			isa = XCBuildConfiguration;
			buildSettings = {
				ASSETCATALOG_COMPILER_APPICON_NAME = AppIcon;
				DEVELOPMENT_TEAM = DUDTP565G4;
				INFOPLIST_FILE = Moments/Info.plist;
				IPHONEOS_DEPLOYMENT_TARGET = 13.0;
				LD_RUNPATH_SEARCH_PATHS = "$(inherited) @executable_path/Frameworks";
				PRODUCT_BUNDLE_IDENTIFIER = com.imkdir.Moments;
				PRODUCT_NAME = "$(TARGET_NAME)";
				SWIFT_VERSION = 5.0;
				TARGETED_DEVICE_FAMILY = "1,2";
			};
			name = Debug;
		};
/* End XCBuildConfiguration section */

/* Begin XCConfigurationList section */
		367FF15C549AFCA79DFF69AE /* Build configuration list for PBXProject "Moments" */ = {
			isa = XCConfigurationList;
			buildConfigurations = (
				367FF8F2025FD0DA04BAD5F8 /* Debug */,
				367FF6DD5A8C226800B06B54 /* Release */,
			);
			defaultConfigurationIsVisible = 0;
			defaultConfigurationName = Release;
		};
		367FFA09F7F8DF9C8ACAED32 /* Build configuration list for PBXNativeTarget "Moments" */ = {
			isa = XCConfigurationList;
			buildConfigurations = (
				367FFFBA692189173BE120A1 /* Debug */,
				367FFEADA681313842A19BA4 /* Release */,
			);
			defaultConfigurationIsVisible = 0;
			defaultConfigurationName = Release;
		};
		367FFE82DDDAC4EB5BAFC4AB /* Build configuration list for PBXNativeTarget "MomentsTests" */ = {
			isa = XCConfigurationList;
			buildConfigurations = (
				367FF5E0676E605DD74DD25D /* Debug */,
				367FFE4C4BB5B3E12704648A /* Release */,
			);
			defaultConfigurationIsVisible = 0;
			defaultConfigurationName = Release;
		};
/* End XCConfigurationList section */
	};
	rootObject = 367FFA6B9B06A43293390EA6 /* Project object */;
}
