// !$*UTF8*$!
{
	archiveVersion = 1;
	classes = {
	};
	objectVersion = 46;
	objects = {

/* Begin PBXBuildFile section */
		367FF2BCFA1CF435788A1085 /* WrapperTableViewCell.swift in Sources */ = {isa = PBXBuildFile; fileRef = 367FFA788313ED9C72F91D0F /* WrapperTableViewCell.swift */; };
		367FF2C37F8B6843D69E7B16 /* AppDelegate.swift in Sources */ = {isa = PBXBuildFile; fileRef = 367FF4DAAE9F8FA48ED237CD /* AppDelegate.swift */; };
		367FF5B99220D2F6DC2F8B84 /* RootViewController.swift in Sources */ = {isa = PBXBuildFile; fileRef = 367FFF37CD553B5920B7F403 /* RootViewController.swift */; };
		367FF7FD32B58A1B236D91F7 /* LaunchScreen.storyboard in Resources */ = {isa = PBXBuildFile; fileRef = 367FF01466836B20D7A9684B /* LaunchScreen.storyboard */; };
		367FFABBF5A9F055E3811167 /* Assets.xcassets in Resources */ = {isa = PBXBuildFile; fileRef = 367FF7D6BEFC39CEF7DBE25D /* Assets.xcassets */; };
		367FFB1413D1B81814856265 /* TweetViewController.swift in Sources */ = {isa = PBXBuildFile; fileRef = 367FFE9FE0495946A0438E05 /* TweetViewController.swift */; };
		367FFC7223A96C015D8AAB21 /* MomentsTests.swift in Sources */ = {isa = PBXBuildFile; fileRef = 367FF1A8DC48DF7D49352F19 /* MomentsTests.swift */; };
		367FFDFB9BA0408F2018930F /* TweetListViewModel.swift in Sources */ = {isa = PBXBuildFile; fileRef = 367FF5F7ECD8EF186AB4ABAF /* TweetListViewModel.swift */; };
		367FFE5E5595061A273C8C2B /* ProfileViewController.swift in Sources */ = {isa = PBXBuildFile; fileRef = 367FF18F4B0862C267920D1B /* ProfileViewController.swift */; };
		A64DB8E8237DAAEA00B0D6FB /* CommentListView.swift in Sources */ = {isa = PBXBuildFile; fileRef = A64DB8E7237DAAEA00B0D6FB /* CommentListView.swift */; };
		A64DB8EA237DB9A900B0D6FB /* ImageGridView.swift in Sources */ = {isa = PBXBuildFile; fileRef = A64DB8E9237DB9A900B0D6FB /* ImageGridView.swift */; };
		A64DB8ED237DCD0F00B0D6FB /* TweetViewModel.swift in Sources */ = {isa = PBXBuildFile; fileRef = A64DB8EC237DCD0F00B0D6FB /* TweetViewModel.swift */; };
		A64DB8F3237DD94A00B0D6FB /* UserViewModel.swift in Sources */ = {isa = PBXBuildFile; fileRef = A64DB8F2237DD94A00B0D6FB /* UserViewModel.swift */; };
		A64DB906237DDFD300B0D6FB /* MomentModel.framework in Frameworks */ = {isa = PBXBuildFile; fileRef = A64DB8FD237DDFD300B0D6FB /* MomentModel.framework */; };
		A64DB90D237DDFD300B0D6FB /* MomentModelTests.swift in Sources */ = {isa = PBXBuildFile; fileRef = A64DB90C237DDFD300B0D6FB /* MomentModelTests.swift */; };
		A64DB90F237DDFD300B0D6FB /* MomentModel.h in Headers */ = {isa = PBXBuildFile; fileRef = A64DB8FF237DDFD300B0D6FB /* MomentModel.h */; settings = {ATTRIBUTES = (Public, ); }; };
		A64DB912237DDFD300B0D6FB /* MomentModel.framework in Frameworks */ = {isa = PBXBuildFile; fileRef = A64DB8FD237DDFD300B0D6FB /* MomentModel.framework */; };
		A64DB913237DDFD300B0D6FB /* MomentModel.framework in Embed Frameworks */ = {isa = PBXBuildFile; fileRef = A64DB8FD237DDFD300B0D6FB /* MomentModel.framework */; settings = {ATTRIBUTES = (CodeSignOnCopy, RemoveHeadersOnCopy, ); }; };
		A64DB91B237DDFDE00B0D6FB /* Tweet.swift in Sources */ = {isa = PBXBuildFile; fileRef = A64DB8EE237DD0A400B0D6FB /* Tweet.swift */; };
		A64DB91C237DDFDE00B0D6FB /* User.swift in Sources */ = {isa = PBXBuildFile; fileRef = A64DB8F0237DD8B100B0D6FB /* User.swift */; };
		A64DB91D237DDFDE00B0D6FB /* MomentRepository.swift in Sources */ = {isa = PBXBuildFile; fileRef = A64DB8F6237DDF4700B0D6FB /* MomentRepository.swift */; };
/* End PBXBuildFile section */

/* Begin PBXContainerItemProxy section */
		367FF8A5D14BD820A60C2428 /* PBXContainerItemProxy */ = {
			isa = PBXContainerItemProxy;
			containerPortal = 367FFA6B9B06A43293390EA6 /* Project object */;
			proxyType = 1;
			remoteGlobalIDString = 367FFF288CEF696060595CF6;
			remoteInfo = Moments;
		};
		A64DB907237DDFD300B0D6FB /* PBXContainerItemProxy */ = {
			isa = PBXContainerItemProxy;
			containerPortal = 367FFA6B9B06A43293390EA6 /* Project object */;
			proxyType = 1;
			remoteGlobalIDString = A64DB8FC237DDFD300B0D6FB;
			remoteInfo = MomentModel;
		};
		A64DB909237DDFD300B0D6FB /* PBXContainerItemProxy */ = {
			isa = PBXContainerItemProxy;
			containerPortal = 367FFA6B9B06A43293390EA6 /* Project object */;
			proxyType = 1;
			remoteGlobalIDString = 367FFF288CEF696060595CF6;
			remoteInfo = Moments;
		};
		A64DB910237DDFD300B0D6FB /* PBXContainerItemProxy */ = {
			isa = PBXContainerItemProxy;
			containerPortal = 367FFA6B9B06A43293390EA6 /* Project object */;
			proxyType = 1;
			remoteGlobalIDString = A64DB8FC237DDFD300B0D6FB;
			remoteInfo = MomentModel;
		};
/* End PBXContainerItemProxy section */

/* Begin PBXCopyFilesBuildPhase section */
		A64DB917237DDFD300B0D6FB /* Embed Frameworks */ = {
			isa = PBXCopyFilesBuildPhase;
			buildActionMask = 2147483647;
			dstPath = "";
			dstSubfolderSpec = 10;
			files = (
				A64DB913237DDFD300B0D6FB /* MomentModel.framework in Embed Frameworks */,
			);
			name = "Embed Frameworks";
			runOnlyForDeploymentPostprocessing = 0;
		};
/* End PBXCopyFilesBuildPhase section */

/* Begin PBXFileReference section */
		367FF18F4B0862C267920D1B /* ProfileViewController.swift */ = {isa = PBXFileReference; fileEncoding = 4; lastKnownFileType = sourcecode.swift; path = ProfileViewController.swift; sourceTree = "<group>"; };
		367FF1A8DC48DF7D49352F19 /* MomentsTests.swift */ = {isa = PBXFileReference; lastKnownFileType = sourcecode.swift; path = MomentsTests.swift; sourceTree = "<group>"; };
		367FF44EADF529556F28FF68 /* Base */ = {isa = PBXFileReference; lastKnownFileType = file.storyboard; name = Base; path = Base.lproj/LaunchScreen.storyboard; sourceTree = "<group>"; };
		367FF4DAAE9F8FA48ED237CD /* AppDelegate.swift */ = {isa = PBXFileReference; lastKnownFileType = sourcecode.swift; path = AppDelegate.swift; sourceTree = "<group>"; };
		367FF4F89368AAB2353B7667 /* MomentsTests.xctest */ = {isa = PBXFileReference; explicitFileType = wrapper.cfbundle; includeInIndex = 0; path = MomentsTests.xctest; sourceTree = BUILT_PRODUCTS_DIR; };
		367FF5F7ECD8EF186AB4ABAF /* TweetListViewModel.swift */ = {isa = PBXFileReference; fileEncoding = 4; lastKnownFileType = sourcecode.swift; path = TweetListViewModel.swift; sourceTree = "<group>"; };
		367FF7567D271C29BFD10A21 /* Moments.app */ = {isa = PBXFileReference; explicitFileType = wrapper.application; includeInIndex = 0; path = Moments.app; sourceTree = BUILT_PRODUCTS_DIR; };
		367FF7D6BEFC39CEF7DBE25D /* Assets.xcassets */ = {isa = PBXFileReference; lastKnownFileType = folder.assetcatalog; path = Assets.xcassets; sourceTree = "<group>"; };
		367FFA788313ED9C72F91D0F /* WrapperTableViewCell.swift */ = {isa = PBXFileReference; fileEncoding = 4; lastKnownFileType = sourcecode.swift; path = WrapperTableViewCell.swift; sourceTree = "<group>"; };
		367FFAAA20691D108CB42FE3 /* Info.plist */ = {isa = PBXFileReference; lastKnownFileType = text.plist.info; path = Info.plist; sourceTree = "<group>"; };
		367FFD697460FA6299CF8A7E /* Info.plist */ = {isa = PBXFileReference; lastKnownFileType = text.plist.info; path = Info.plist; sourceTree = "<group>"; };
		367FFE9FE0495946A0438E05 /* TweetViewController.swift */ = {isa = PBXFileReference; fileEncoding = 4; lastKnownFileType = sourcecode.swift; path = TweetViewController.swift; sourceTree = "<group>"; };
		367FFF37CD553B5920B7F403 /* RootViewController.swift */ = {isa = PBXFileReference; lastKnownFileType = sourcecode.swift; path = RootViewController.swift; sourceTree = "<group>"; };
		A64DB8E7237DAAEA00B0D6FB /* CommentListView.swift */ = {isa = PBXFileReference; lastKnownFileType = sourcecode.swift; path = CommentListView.swift; sourceTree = "<group>"; };
		A64DB8E9237DB9A900B0D6FB /* ImageGridView.swift */ = {isa = PBXFileReference; lastKnownFileType = sourcecode.swift; path = ImageGridView.swift; sourceTree = "<group>"; };
		A64DB8EC237DCD0F00B0D6FB /* TweetViewModel.swift */ = {isa = PBXFileReference; lastKnownFileType = sourcecode.swift; path = TweetViewModel.swift; sourceTree = "<group>"; };
		A64DB8EE237DD0A400B0D6FB /* Tweet.swift */ = {isa = PBXFileReference; lastKnownFileType = sourcecode.swift; path = Tweet.swift; sourceTree = "<group>"; };
		A64DB8F0237DD8B100B0D6FB /* User.swift */ = {isa = PBXFileReference; lastKnownFileType = sourcecode.swift; path = User.swift; sourceTree = "<group>"; };
		A64DB8F2237DD94A00B0D6FB /* UserViewModel.swift */ = {isa = PBXFileReference; lastKnownFileType = sourcecode.swift; path = UserViewModel.swift; sourceTree = "<group>"; };
		A64DB8F6237DDF4700B0D6FB /* MomentRepository.swift */ = {isa = PBXFileReference; lastKnownFileType = sourcecode.swift; path = MomentRepository.swift; sourceTree = "<group>"; };
		A64DB8FD237DDFD300B0D6FB /* MomentModel.framework */ = {isa = PBXFileReference; explicitFileType = wrapper.framework; includeInIndex = 0; path = MomentModel.framework; sourceTree = BUILT_PRODUCTS_DIR; };
		A64DB8FF237DDFD300B0D6FB /* MomentModel.h */ = {isa = PBXFileReference; lastKnownFileType = sourcecode.c.h; path = MomentModel.h; sourceTree = "<group>"; };
		A64DB900237DDFD300B0D6FB /* Info.plist */ = {isa = PBXFileReference; lastKnownFileType = text.plist.xml; path = Info.plist; sourceTree = "<group>"; };
		A64DB905237DDFD300B0D6FB /* MomentModelTests.xctest */ = {isa = PBXFileReference; explicitFileType = wrapper.cfbundle; includeInIndex = 0; path = MomentModelTests.xctest; sourceTree = BUILT_PRODUCTS_DIR; };
		A64DB90C237DDFD300B0D6FB /* MomentModelTests.swift */ = {isa = PBXFileReference; lastKnownFileType = sourcecode.swift; path = MomentModelTests.swift; sourceTree = "<group>"; };
		A64DB90E237DDFD300B0D6FB /* Info.plist */ = {isa = PBXFileReference; lastKnownFileType = text.plist.xml; path = Info.plist; sourceTree = "<group>"; };
/* End PBXFileReference section */

/* Begin PBXFrameworksBuildPhase section */
		367FF1C1B16A9FD67F4E585F /* Frameworks */ = {
			isa = PBXFrameworksBuildPhase;
			buildActionMask = 2147483647;
			files = (
				A64DB912237DDFD300B0D6FB /* MomentModel.framework in Frameworks */,
			);
			runOnlyForDeploymentPostprocessing = 0;
		};
		367FF6B6B99D09C389CE49BA /* Frameworks */ = {
			isa = PBXFrameworksBuildPhase;
			buildActionMask = 2147483647;
			files = (
			);
			runOnlyForDeploymentPostprocessing = 0;
		};
		A64DB8FA237DDFD300B0D6FB /* Frameworks */ = {
			isa = PBXFrameworksBuildPhase;
			buildActionMask = 2147483647;
			files = (
			);
			runOnlyForDeploymentPostprocessing = 0;
		};
		A64DB902237DDFD300B0D6FB /* Frameworks */ = {
			isa = PBXFrameworksBuildPhase;
			buildActionMask = 2147483647;
			files = (
				A64DB906237DDFD300B0D6FB /* MomentModel.framework in Frameworks */,
			);
			runOnlyForDeploymentPostprocessing = 0;
		};
/* End PBXFrameworksBuildPhase section */

/* Begin PBXGroup section */
		367FF139DFC005FC968B3FE2 /* Products */ = {
			isa = PBXGroup;
			children = (
				367FF7567D271C29BFD10A21 /* Moments.app */,
				367FF4F89368AAB2353B7667 /* MomentsTests.xctest */,
				A64DB8FD237DDFD300B0D6FB /* MomentModel.framework */,
				A64DB905237DDFD300B0D6FB /* MomentModelTests.xctest */,
			);
			name = Products;
			sourceTree = "<group>";
		};
		367FF76D09627CC705752C39 /* MomentsTests */ = {
			isa = PBXGroup;
			children = (
				367FFD697460FA6299CF8A7E /* Info.plist */,
				367FF1A8DC48DF7D49352F19 /* MomentsTests.swift */,
			);
			path = MomentsTests;
			sourceTree = "<group>";
		};
		367FFA1CBF858D4BEB6A49DA = {
			isa = PBXGroup;
			children = (
				A64DB8FE237DDFD300B0D6FB /* MomentModel */,
				A64DB90B237DDFD300B0D6FB /* MomentModelTests */,
				367FF139DFC005FC968B3FE2 /* Products */,
				367FFA5B3F92AF806CBA5DC5 /* Moments */,
				367FF76D09627CC705752C39 /* MomentsTests */,
			);
			sourceTree = "<group>";
		};
		367FFA5B3F92AF806CBA5DC5 /* Moments */ = {
			isa = PBXGroup;
			children = (
				367FFAAA20691D108CB42FE3 /* Info.plist */,
				367FF7D6BEFC39CEF7DBE25D /* Assets.xcassets */,
				367FF01466836B20D7A9684B /* LaunchScreen.storyboard */,
				367FF4DAAE9F8FA48ED237CD /* AppDelegate.swift */,
				A64DB8EB237DCCB200B0D6FB /* UI */,
				A64DB8F4237DDE4D00B0D6FB /* VM */,
			);
			path = Moments;
			sourceTree = "<group>";
		};
		A64DB8EB237DCCB200B0D6FB /* UI */ = {
			isa = PBXGroup;
			children = (
				367FFF37CD553B5920B7F403 /* RootViewController.swift */,
				367FF18F4B0862C267920D1B /* ProfileViewController.swift */,
				367FFE9FE0495946A0438E05 /* TweetViewController.swift */,
				A64DB8E7237DAAEA00B0D6FB /* CommentListView.swift */,
				A64DB8E9237DB9A900B0D6FB /* ImageGridView.swift */,
				367FFA788313ED9C72F91D0F /* WrapperTableViewCell.swift */,
			);
			path = UI;
			sourceTree = "<group>";
		};
		A64DB8F4237DDE4D00B0D6FB /* VM */ = {
			isa = PBXGroup;
			children = (
				367FF5F7ECD8EF186AB4ABAF /* TweetListViewModel.swift */,
				A64DB8EC237DCD0F00B0D6FB /* TweetViewModel.swift */,
				A64DB8F2237DD94A00B0D6FB /* UserViewModel.swift */,
			);
			path = VM;
			sourceTree = "<group>";
		};
		A64DB8FE237DDFD300B0D6FB /* MomentModel */ = {
			isa = PBXGroup;
			children = (
				A64DB8EE237DD0A400B0D6FB /* Tweet.swift */,
				A64DB8F0237DD8B100B0D6FB /* User.swift */,
				A64DB8F6237DDF4700B0D6FB /* MomentRepository.swift */,
				A64DB8FF237DDFD300B0D6FB /* MomentModel.h */,
				A64DB900237DDFD300B0D6FB /* Info.plist */,
			);
			path = MomentModel;
			sourceTree = "<group>";
		};
		A64DB90B237DDFD300B0D6FB /* MomentModelTests */ = {
			isa = PBXGroup;
			children = (
				A64DB90C237DDFD300B0D6FB /* MomentModelTests.swift */,
				A64DB90E237DDFD300B0D6FB /* Info.plist */,
			);
			path = MomentModelTests;
			sourceTree = "<group>";
		};
/* End PBXGroup section */

/* Begin PBXHeadersBuildPhase section */
		A64DB8F8237DDFD300B0D6FB /* Headers */ = {
			isa = PBXHeadersBuildPhase;
			buildActionMask = 2147483647;
			files = (
				A64DB90F237DDFD300B0D6FB /* MomentModel.h in Headers */,
			);
			runOnlyForDeploymentPostprocessing = 0;
		};
/* End PBXHeadersBuildPhase section */

/* Begin PBXNativeTarget section */
		367FF8F24441476881C10D33 /* MomentsTests */ = {
			isa = PBXNativeTarget;
			buildConfigurationList = 367FFE82DDDAC4EB5BAFC4AB /* Build configuration list for PBXNativeTarget "MomentsTests" */;
			buildPhases = (
				367FFA721C3C34BA9A28DCB0 /* Sources */,
				367FF6B6B99D09C389CE49BA /* Frameworks */,
				367FFE47FEE2327712A99948 /* Resources */,
			);
			buildRules = (
			);
			dependencies = (
				367FFAF405EAE9C605B6DB50 /* PBXTargetDependency */,
			);
			name = MomentsTests;
			productName = MomentsTests;
			productReference = 367FF4F89368AAB2353B7667 /* MomentsTests.xctest */;
			productType = "com.apple.product-type.bundle.unit-test";
		};
		367FFF288CEF696060595CF6 /* Moments */ = {
			isa = PBXNativeTarget;
			buildConfigurationList = 367FFA09F7F8DF9C8ACAED32 /* Build configuration list for PBXNativeTarget "Moments" */;
			buildPhases = (
				367FFA03A52B189AFB627EAF /* Sources */,
				367FF1C1B16A9FD67F4E585F /* Frameworks */,
				367FF438DD2037D80A4C4D4B /* Resources */,
				A64DB917237DDFD300B0D6FB /* Embed Frameworks */,
			);
			buildRules = (
			);
			dependencies = (
				A64DB911237DDFD300B0D6FB /* PBXTargetDependency */,
			);
			name = Moments;
			productName = Moments;
			productReference = 367FF7567D271C29BFD10A21 /* Moments.app */;
			productType = "com.apple.product-type.application";
		};
		A64DB8FC237DDFD300B0D6FB /* MomentModel */ = {
			isa = PBXNativeTarget;
			buildConfigurationList = A64DB914237DDFD300B0D6FB /* Build configuration list for PBXNativeTarget "MomentModel" */;
			buildPhases = (
				A64DB8F8237DDFD300B0D6FB /* Headers */,
				A64DB8F9237DDFD300B0D6FB /* Sources */,
				A64DB8FA237DDFD300B0D6FB /* Frameworks */,
				A64DB8FB237DDFD300B0D6FB /* Resources */,
			);
			buildRules = (
			);
			dependencies = (
			);
			name = MomentModel;
			productName = MomentModel;
			productReference = A64DB8FD237DDFD300B0D6FB /* MomentModel.framework */;
			productType = "com.apple.product-type.framework";
		};
		A64DB904237DDFD300B0D6FB /* MomentModelTests */ = {
			isa = PBXNativeTarget;
			buildConfigurationList = A64DB918237DDFD300B0D6FB /* Build configuration list for PBXNativeTarget "MomentModelTests" */;
			buildPhases = (
				A64DB901237DDFD300B0D6FB /* Sources */,
				A64DB902237DDFD300B0D6FB /* Frameworks */,
				A64DB903237DDFD300B0D6FB /* Resources */,
			);
			buildRules = (
			);
			dependencies = (
				A64DB908237DDFD300B0D6FB /* PBXTargetDependency */,
				A64DB90A237DDFD300B0D6FB /* PBXTargetDependency */,
			);
			name = MomentModelTests;
			productName = MomentModelTests;
			productReference = A64DB905237DDFD300B0D6FB /* MomentModelTests.xctest */;
			productType = "com.apple.product-type.bundle.unit-test";
		};
/* End PBXNativeTarget section */

/* Begin PBXProject section */
		367FFA6B9B06A43293390EA6 /* Project object */ = {
			isa = PBXProject;
			attributes = {
				LastSwiftUpdateCheck = 1120;
				ORGANIZATIONNAME = "Objective-CHENG";
				TargetAttributes = {
					367FFF288CEF696060595CF6 = {
						DevelopmentTeam = DUDTP565G4;
					};
					A64DB8FC237DDFD300B0D6FB = {
						CreatedOnToolsVersion = 11.2.1;
						DevelopmentTeam = DUDTP565G4;
						ProvisioningStyle = Automatic;
					};
					A64DB904237DDFD300B0D6FB = {
						CreatedOnToolsVersion = 11.2.1;
						DevelopmentTeam = DUDTP565G4;
						ProvisioningStyle = Automatic;
						TestTargetID = 367FFF288CEF696060595CF6;
					};
				};
			};
			buildConfigurationList = 367FF15C549AFCA79DFF69AE /* Build configuration list for PBXProject "Moments" */;
			compatibilityVersion = "Xcode 3.2";
			developmentRegion = English;
			hasScannedForEncodings = 0;
			knownRegions = (
				English,
				en,
				Base,
			);
			mainGroup = 367FFA1CBF858D4BEB6A49DA;
			productRefGroup = 367FF139DFC005FC968B3FE2 /* Products */;
			projectDirPath = "";
			projectRoot = "";
			targets = (
				367FFF288CEF696060595CF6 /* Moments */,
				367FF8F24441476881C10D33 /* MomentsTests */,
				A64DB8FC237DDFD300B0D6FB /* MomentModel */,
				A64DB904237DDFD300B0D6FB /* MomentModelTests */,
			);
		};
/* End PBXProject section */

/* Begin PBXResourcesBuildPhase section */
		367FF438DD2037D80A4C4D4B /* Resources */ = {
			isa = PBXResourcesBuildPhase;
			buildActionMask = 2147483647;
			files = (
				367FFABBF5A9F055E3811167 /* Assets.xcassets in Resources */,
				367FF7FD32B58A1B236D91F7 /* LaunchScreen.storyboard in Resources */,
			);
			runOnlyForDeploymentPostprocessing = 0;
		};
		367FFE47FEE2327712A99948 /* Resources */ = {
			isa = PBXResourcesBuildPhase;
			buildActionMask = 2147483647;
			files = (
			);
			runOnlyForDeploymentPostprocessing = 0;
		};
		A64DB8FB237DDFD300B0D6FB /* Resources */ = {
			isa = PBXResourcesBuildPhase;
			buildActionMask = 2147483647;
			files = (
			);
			runOnlyForDeploymentPostprocessing = 0;
		};
		A64DB903237DDFD300B0D6FB /* Resources */ = {
			isa = PBXResourcesBuildPhase;
			buildActionMask = 2147483647;
			files = (
			);
			runOnlyForDeploymentPostprocessing = 0;
		};
/* End PBXResourcesBuildPhase section */

/* Begin PBXSourcesBuildPhase section */
		367FFA03A52B189AFB627EAF /* Sources */ = {
			isa = PBXSourcesBuildPhase;
			buildActionMask = 2147483647;
			files = (
				367FF2C37F8B6843D69E7B16 /* AppDelegate.swift in Sources */,
				A64DB8F3237DD94A00B0D6FB /* UserViewModel.swift in Sources */,
				367FF5B99220D2F6DC2F8B84 /* RootViewController.swift in Sources */,
				367FFE5E5595061A273C8C2B /* ProfileViewController.swift in Sources */,
				367FFB1413D1B81814856265 /* TweetViewController.swift in Sources */,
				A64DB8ED237DCD0F00B0D6FB /* TweetViewModel.swift in Sources */,
				A64DB8EA237DB9A900B0D6FB /* ImageGridView.swift in Sources */,
				A64DB8E8237DAAEA00B0D6FB /* CommentListView.swift in Sources */,
				367FF2BCFA1CF435788A1085 /* WrapperTableViewCell.swift in Sources */,
				367FFDFB9BA0408F2018930F /* TweetListViewModel.swift in Sources */,
			);
			runOnlyForDeploymentPostprocessing = 0;
		};
		367FFA721C3C34BA9A28DCB0 /* Sources */ = {
			isa = PBXSourcesBuildPhase;
			buildActionMask = 2147483647;
			files = (
				367FFC7223A96C015D8AAB21 /* MomentsTests.swift in Sources */,
			);
			runOnlyForDeploymentPostprocessing = 0;
		};
		A64DB8F9237DDFD300B0D6FB /* Sources */ = {
			isa = PBXSourcesBuildPhase;
			buildActionMask = 2147483647;
			files = (
				A64DB91D237DDFDE00B0D6FB /* MomentRepository.swift in Sources */,
				A64DB91C237DDFDE00B0D6FB /* User.swift in Sources */,
				A64DB91B237DDFDE00B0D6FB /* Tweet.swift in Sources */,
			);
			runOnlyForDeploymentPostprocessing = 0;
		};
		A64DB901237DDFD300B0D6FB /* Sources */ = {
			isa = PBXSourcesBuildPhase;
			buildActionMask = 2147483647;
			files = (
				A64DB90D237DDFD300B0D6FB /* MomentModelTests.swift in Sources */,
			);
			runOnlyForDeploymentPostprocessing = 0;
		};
/* End PBXSourcesBuildPhase section */

/* Begin PBXTargetDependency section */
		367FFAF405EAE9C605B6DB50 /* PBXTargetDependency */ = {
			isa = PBXTargetDependency;
			target = 367FFF288CEF696060595CF6 /* Moments */;
			targetProxy = 367FF8A5D14BD820A60C2428 /* PBXContainerItemProxy */;
		};
		A64DB908237DDFD300B0D6FB /* PBXTargetDependency */ = {
			isa = PBXTargetDependency;
			target = A64DB8FC237DDFD300B0D6FB /* MomentModel */;
			targetProxy = A64DB907237DDFD300B0D6FB /* PBXContainerItemProxy */;
		};
		A64DB90A237DDFD300B0D6FB /* PBXTargetDependency */ = {
			isa = PBXTargetDependency;
			target = 367FFF288CEF696060595CF6 /* Moments */;
			targetProxy = A64DB909237DDFD300B0D6FB /* PBXContainerItemProxy */;
		};
		A64DB911237DDFD300B0D6FB /* PBXTargetDependency */ = {
			isa = PBXTargetDependency;
			target = A64DB8FC237DDFD300B0D6FB /* MomentModel */;
			targetProxy = A64DB910237DDFD300B0D6FB /* PBXContainerItemProxy */;
		};
/* End PBXTargetDependency section */

/* Begin PBXVariantGroup section */
		367FF01466836B20D7A9684B /* LaunchScreen.storyboard */ = {
			isa = PBXVariantGroup;
			children = (
				367FF44EADF529556F28FF68 /* Base */,
			);
			name = LaunchScreen.storyboard;
			sourceTree = "<group>";
		};
/* End PBXVariantGroup section */

/* Begin XCBuildConfiguration section */
		367FF5E0676E605DD74DD25D /* Debug */ = {
			isa = XCBuildConfiguration;
			buildSettings = {
				BUNDLE_LOADER = "$(BUILT_PRODUCTS_DIR)/Moments.app/Moments";
				INFOPLIST_FILE = MomentsTests/Info.plist;
				LD_RUNPATH_SEARCH_PATHS = "$(inherited) @executable_path/Frameworks @loader_path/Frameworks";
				PRODUCT_BUNDLE_IDENTIFIER = com.imkdir.MomentsTests;
				PRODUCT_NAME = "$(TARGET_NAME)";
				SWIFT_VERSION = 5.0;
				TARGETED_DEVICE_FAMILY = "1,2";
				TEST_HOST = "$(BUNDLE_LOADER)";
			};
			name = Debug;
		};
		367FF6DD5A8C226800B06B54 /* Release */ = {
			isa = XCBuildConfiguration;
			buildSettings = {
				ALWAYS_SEARCH_USER_PATHS = NO;
				CLANG_ANALYZER_NONNULL = YES;
				CLANG_ANALYZER_NUMBER_OBJECT_CONVERSION = YES_AGGRESSIVE;
				CLANG_CXX_LANGUAGE_STANDARD = "gnu++14";
				CLANG_CXX_LIBRARY = "libc++";
				CLANG_ENABLE_MODULES = YES;
				CLANG_ENABLE_OBJC_ARC = YES;
				CLANG_ENABLE_OBJC_WEAK = YES;
				CLANG_WARN_BLOCK_CAPTURE_AUTORELEASING = YES;
				CLANG_WARN_BOOL_CONVERSION = YES;
				CLANG_WARN_COMMA = YES;
				CLANG_WARN_CONSTANT_CONVERSION = YES;
				CLANG_WARN_DEPRECATED_OBJC_IMPLEMENTATIONS = YES;
				CLANG_WARN_DIRECT_OBJC_ISA_USAGE = YES_ERROR;
				CLANG_WARN_DOCUMENTATION_COMMENTS = YES;
				CLANG_WARN_EMPTY_BODY = YES;
				CLANG_WARN_ENUM_CONVERSION = YES;
				CLANG_WARN_INFINITE_RECURSION = YES;
				CLANG_WARN_INT_CONVERSION = YES;
				CLANG_WARN_NON_LITERAL_NULL_CONVERSION = YES;
				CLANG_WARN_OBJC_IMPLICIT_RETAIN_SELF = YES;
				CLANG_WARN_OBJC_LITERAL_CONVERSION = YES;
				CLANG_WARN_OBJC_ROOT_CLASS = YES_ERROR;
				CLANG_WARN_RANGE_LOOP_ANALYSIS = YES;
				CLANG_WARN_STRICT_PROTOTYPES = YES;
				CLANG_WARN_SUSPICIOUS_MOVE = YES;
				CLANG_WARN_UNGUARDED_AVAILABILITY = YES_AGGRESSIVE;
				CLANG_WARN_UNREACHABLE_CODE = YES;
				CLANG_WARN__DUPLICATE_METHOD_MATCH = YES;
				COPY_PHASE_STRIP = NO;
				DEBUG_INFORMATION_FORMAT = "dwarf-with-dsym";
				ENABLE_NS_ASSERTIONS = NO;
				ENABLE_STRICT_OBJC_MSGSEND = YES;
				GCC_C_LANGUAGE_STANDARD = gnu11;
				GCC_NO_COMMON_BLOCKS = YES;
				GCC_WARN_64_TO_32_BIT_CONVERSION = YES;
				GCC_WARN_ABOUT_RETURN_TYPE = YES_ERROR;
				GCC_WARN_UNDECLARED_SELECTOR = YES;
				GCC_WARN_UNINITIALIZED_AUTOS = YES_AGGRESSIVE;
				GCC_WARN_UNUSED_FUNCTION = YES;
				GCC_WARN_UNUSED_VARIABLE = YES;
				IPHONEOS_DEPLOYMENT_TARGET = 13.2;
				MTL_ENABLE_DEBUG_INFO = NO;
				MTL_FAST_MATH = YES;
				SDKROOT = iphoneos;
				SWIFT_OPTIMIZATION_LEVEL = "-Owholemodule";
				VALIDATE_PRODUCT = YES;
			};
			name = Release;
		};
		367FF8F2025FD0DA04BAD5F8 /* Debug */ = {
			isa = XCBuildConfiguration;
			buildSettings = {
				ALWAYS_SEARCH_USER_PATHS = NO;
				CLANG_ANALYZER_NONNULL = YES;
				CLANG_ANALYZER_NUMBER_OBJECT_CONVERSION = YES_AGGRESSIVE;
				CLANG_CXX_LANGUAGE_STANDARD = "gnu++14";
				CLANG_CXX_LIBRARY = "libc++";
				CLANG_ENABLE_MODULES = YES;
				CLANG_ENABLE_OBJC_ARC = YES;
				CLANG_ENABLE_OBJC_WEAK = YES;
				CLANG_WARN_BLOCK_CAPTURE_AUTORELEASING = YES;
				CLANG_WARN_BOOL_CONVERSION = YES;
				CLANG_WARN_COMMA = YES;
				CLANG_WARN_CONSTANT_CONVERSION = YES;
				CLANG_WARN_DEPRECATED_OBJC_IMPLEMENTATIONS = YES;
				CLANG_WARN_DIRECT_OBJC_ISA_USAGE = YES_ERROR;
				CLANG_WARN_DOCUMENTATION_COMMENTS = YES;
				CLANG_WARN_EMPTY_BODY = YES;
				CLANG_WARN_ENUM_CONVERSION = YES;
				CLANG_WARN_INFINITE_RECURSION = YES;
				CLANG_WARN_INT_CONVERSION = YES;
				CLANG_WARN_NON_LITERAL_NULL_CONVERSION = YES;
				CLANG_WARN_OBJC_IMPLICIT_RETAIN_SELF = YES;
				CLANG_WARN_OBJC_LITERAL_CONVERSION = YES;
				CLANG_WARN_OBJC_ROOT_CLASS = YES_ERROR;
				CLANG_WARN_RANGE_LOOP_ANALYSIS = YES;
				CLANG_WARN_STRICT_PROTOTYPES = YES;
				CLANG_WARN_SUSPICIOUS_MOVE = YES;
				CLANG_WARN_UNGUARDED_AVAILABILITY = YES_AGGRESSIVE;
				CLANG_WARN_UNREACHABLE_CODE = YES;
				CLANG_WARN__DUPLICATE_METHOD_MATCH = YES;
				COPY_PHASE_STRIP = NO;
				DEBUG_INFORMATION_FORMAT = dwarf;
				ENABLE_STRICT_OBJC_MSGSEND = YES;
				ENABLE_TESTABILITY = YES;
				GCC_C_LANGUAGE_STANDARD = gnu11;
				GCC_DYNAMIC_NO_PIC = NO;
				GCC_NO_COMMON_BLOCKS = YES;
				GCC_OPTIMIZATION_LEVEL = 0;
				GCC_PREPROCESSOR_DEFINITIONS = (
					"DEBUG=1",
					"$(inherited)",
				);
				GCC_WARN_64_TO_32_BIT_CONVERSION = YES;
				GCC_WARN_ABOUT_RETURN_TYPE = YES_ERROR;
				GCC_WARN_UNDECLARED_SELECTOR = YES;
				GCC_WARN_UNINITIALIZED_AUTOS = YES_AGGRESSIVE;
				GCC_WARN_UNUSED_FUNCTION = YES;
				GCC_WARN_UNUSED_VARIABLE = YES;
				IPHONEOS_DEPLOYMENT_TARGET = 13.2;
				MTL_ENABLE_DEBUG_INFO = INCLUDE_SOURCE;
				MTL_FAST_MATH = YES;
				ONLY_ACTIVE_ARCH = YES;
				SDKROOT = iphoneos;
				SWIFT_ACTIVE_COMPILATION_CONDITIONS = DEBUG;
				SWIFT_OPTIMIZATION_LEVEL = "-Onone";
			};
			name = Debug;
		};
		367FFE4C4BB5B3E12704648A /* Release */ = {
			isa = XCBuildConfiguration;
			buildSettings = {
				BUNDLE_LOADER = "$(BUILT_PRODUCTS_DIR)/Moments.app/Moments";
				INFOPLIST_FILE = MomentsTests/Info.plist;
				LD_RUNPATH_SEARCH_PATHS = "$(inherited) @executable_path/Frameworks @loader_path/Frameworks";
				PRODUCT_BUNDLE_IDENTIFIER = com.imkdir.MomentsTests;
				PRODUCT_NAME = "$(TARGET_NAME)";
				SWIFT_VERSION = 5.0;
				TARGETED_DEVICE_FAMILY = "1,2";
				TEST_HOST = "$(BUNDLE_LOADER)";
			};
			name = Release;
		};
		367FFEADA681313842A19BA4 /* Release */ = {
			isa = XCBuildConfiguration;
			buildSettings = {
				ALWAYS_EMBED_SWIFT_STANDARD_LIBRARIES = YES;
				ASSETCATALOG_COMPILER_APPICON_NAME = AppIcon;
				DEVELOPMENT_TEAM = DUDTP565G4;
				INFOPLIST_FILE = Moments/Info.plist;
				IPHONEOS_DEPLOYMENT_TARGET = 13.0;
				LD_RUNPATH_SEARCH_PATHS = "$(inherited) @executable_path/Frameworks";
				PRODUCT_BUNDLE_IDENTIFIER = com.imkdir.Moments;
				PRODUCT_NAME = "$(TARGET_NAME)";
				SWIFT_VERSION = 5.0;
				TARGETED_DEVICE_FAMILY = "1,2";
			};
			name = Release;
		};
		367FFFBA692189173BE120A1 /* Debug */ = {
			isa = XCBuildConfiguration;
			buildSettings = {
				ALWAYS_EMBED_SWIFT_STANDARD_LIBRARIES = YES;
				ASSETCATALOG_COMPILER_APPICON_NAME = AppIcon;
				DEVELOPMENT_TEAM = DUDTP565G4;
				INFOPLIST_FILE = Moments/Info.plist;
				IPHONEOS_DEPLOYMENT_TARGET = 13.0;
				LD_RUNPATH_SEARCH_PATHS = "$(inherited) @executable_path/Frameworks";
				PRODUCT_BUNDLE_IDENTIFIER = com.imkdir.Moments;
				PRODUCT_NAME = "$(TARGET_NAME)";
				SWIFT_VERSION = 5.0;
				TARGETED_DEVICE_FAMILY = "1,2";
			};
			name = Debug;
		};
		A64DB915237DDFD300B0D6FB /* Debug */ = {
			isa = XCBuildConfiguration;
			buildSettings = {
				CODE_SIGN_STYLE = Automatic;
				CURRENT_PROJECT_VERSION = 1;
				DEFINES_MODULE = YES;
				DEVELOPMENT_TEAM = DUDTP565G4;
				DYLIB_COMPATIBILITY_VERSION = 1;
				DYLIB_CURRENT_VERSION = 1;
				DYLIB_INSTALL_NAME_BASE = "@rpath";
				INFOPLIST_FILE = MomentModel/Info.plist;
				INSTALL_PATH = "$(LOCAL_LIBRARY_DIR)/Frameworks";
				IPHONEOS_DEPLOYMENT_TARGET = 13.0;
				LD_RUNPATH_SEARCH_PATHS = "$(inherited) @executable_path/Frameworks @loader_path/Frameworks";
				PRODUCT_BUNDLE_IDENTIFIER = com.imkdir.MomentModel;
				PRODUCT_NAME = "$(TARGET_NAME:c99extidentifier)";
				SKIP_INSTALL = YES;
				SWIFT_VERSION = 5.0;
				TARGETED_DEVICE_FAMILY = "1,2";
				VERSIONING_SYSTEM = "apple-generic";
				VERSION_INFO_PREFIX = "";
			};
			name = Debug;
		};
		A64DB916237DDFD300B0D6FB /* Release */ = {
			isa = XCBuildConfiguration;
			buildSettings = {
				CODE_SIGN_STYLE = Automatic;
				CURRENT_PROJECT_VERSION = 1;
				DEFINES_MODULE = YES;
				DEVELOPMENT_TEAM = DUDTP565G4;
				DYLIB_COMPATIBILITY_VERSION = 1;
				DYLIB_CURRENT_VERSION = 1;
				DYLIB_INSTALL_NAME_BASE = "@rpath";
				INFOPLIST_FILE = MomentModel/Info.plist;
				INSTALL_PATH = "$(LOCAL_LIBRARY_DIR)/Frameworks";
				IPHONEOS_DEPLOYMENT_TARGET = 13.0;
				LD_RUNPATH_SEARCH_PATHS = "$(inherited) @executable_path/Frameworks @loader_path/Frameworks";
				PRODUCT_BUNDLE_IDENTIFIER = com.imkdir.MomentModel;
				PRODUCT_NAME = "$(TARGET_NAME:c99extidentifier)";
				SKIP_INSTALL = YES;
				SWIFT_VERSION = 5.0;
				TARGETED_DEVICE_FAMILY = "1,2";
				VERSIONING_SYSTEM = "apple-generic";
				VERSION_INFO_PREFIX = "";
			};
			name = Release;
		};
		A64DB919237DDFD300B0D6FB /* Debug */ = {
			isa = XCBuildConfiguration;
			buildSettings = {
				ALWAYS_EMBED_SWIFT_STANDARD_LIBRARIES = YES;
				CODE_SIGN_STYLE = Automatic;
				DEVELOPMENT_TEAM = DUDTP565G4;
				INFOPLIST_FILE = MomentModelTests/Info.plist;
				LD_RUNPATH_SEARCH_PATHS = "$(inherited) @executable_path/Frameworks @loader_path/Frameworks";
				PRODUCT_BUNDLE_IDENTIFIER = com.imkdir.MomentModelTests;
				PRODUCT_NAME = "$(TARGET_NAME)";
				SWIFT_VERSION = 5.0;
				TARGETED_DEVICE_FAMILY = "1,2";
				TEST_HOST = "$(BUILT_PRODUCTS_DIR)/Moments.app/Moments";
			};
			name = Debug;
		};
		A64DB91A237DDFD300B0D6FB /* Release */ = {
			isa = XCBuildConfiguration;
			buildSettings = {
				ALWAYS_EMBED_SWIFT_STANDARD_LIBRARIES = YES;
				CODE_SIGN_STYLE = Automatic;
				DEVELOPMENT_TEAM = DUDTP565G4;
				INFOPLIST_FILE = MomentModelTests/Info.plist;
				LD_RUNPATH_SEARCH_PATHS = "$(inherited) @executable_path/Frameworks @loader_path/Frameworks";
				PRODUCT_BUNDLE_IDENTIFIER = com.imkdir.MomentModelTests;
				PRODUCT_NAME = "$(TARGET_NAME)";
				SWIFT_VERSION = 5.0;
				TARGETED_DEVICE_FAMILY = "1,2";
				TEST_HOST = "$(BUILT_PRODUCTS_DIR)/Moments.app/Moments";
			};
			name = Release;
		};
/* End XCBuildConfiguration section */

/* Begin XCConfigurationList section */
		367FF15C549AFCA79DFF69AE /* Build configuration list for PBXProject "Moments" */ = {
			isa = XCConfigurationList;
			buildConfigurations = (
				367FF8F2025FD0DA04BAD5F8 /* Debug */,
				367FF6DD5A8C226800B06B54 /* Release */,
			);
			defaultConfigurationIsVisible = 0;
			defaultConfigurationName = Release;
		};
		367FFA09F7F8DF9C8ACAED32 /* Build configuration list for PBXNativeTarget "Moments" */ = {
			isa = XCConfigurationList;
			buildConfigurations = (
				367FFFBA692189173BE120A1 /* Debug */,
				367FFEADA681313842A19BA4 /* Release */,
			);
			defaultConfigurationIsVisible = 0;
			defaultConfigurationName = Release;
		};
		367FFE82DDDAC4EB5BAFC4AB /* Build configuration list for PBXNativeTarget "MomentsTests" */ = {
			isa = XCConfigurationList;
			buildConfigurations = (
				367FF5E0676E605DD74DD25D /* Debug */,
				367FFE4C4BB5B3E12704648A /* Release */,
			);
			defaultConfigurationIsVisible = 0;
			defaultConfigurationName = Release;
		};
		A64DB914237DDFD300B0D6FB /* Build configuration list for PBXNativeTarget "MomentModel" */ = {
			isa = XCConfigurationList;
			buildConfigurations = (
				A64DB915237DDFD300B0D6FB /* Debug */,
				A64DB916237DDFD300B0D6FB /* Release */,
			);
			defaultConfigurationIsVisible = 0;
			defaultConfigurationName = Release;
		};
		A64DB918237DDFD300B0D6FB /* Build configuration list for PBXNativeTarget "MomentModelTests" */ = {
			isa = XCConfigurationList;
			buildConfigurations = (
				A64DB919237DDFD300B0D6FB /* Debug */,
				A64DB91A237DDFD300B0D6FB /* Release */,
			);
			defaultConfigurationIsVisible = 0;
			defaultConfigurationName = Release;
		};
/* End XCConfigurationList section */
	};
	rootObject = 367FFA6B9B06A43293390EA6 /* Project object */;
}
